// !$*UTF8*$!
{
	archiveVersion = 1;
	classes = {
	};
	objectVersion = 52;
	objects = {

/* Begin PBXBuildFile section */
		520E65D124E6A386007E9D3D /* Favourites.swift in Sources */ = {isa = PBXBuildFile; fileRef = 520E65D024E6A386007E9D3D /* Favourites.swift */; };
		523071A824E56EB8001BB98B /* BlurView.swift in Sources */ = {isa = PBXBuildFile; fileRef = 523071A724E56EB8001BB98B /* BlurView.swift */; };
		523071AA24E56FA7001BB98B /* AnimatedGradient.swift in Sources */ = {isa = PBXBuildFile; fileRef = 523071A924E56FA7001BB98B /* AnimatedGradient.swift */; };
		523203F824A7A0D100386EB2 /* Starscream in Frameworks */ = {isa = PBXBuildFile; productRef = 523203F724A7A0D100386EB2 /* Starscream */; };
		52385DBB24AE53CA00317AC9 /* ControlView.swift in Sources */ = {isa = PBXBuildFile; fileRef = 52385DBA24AE53CA00317AC9 /* ControlView.swift */; };
		52385DBD24AE53D100317AC9 /* Control.swift in Sources */ = {isa = PBXBuildFile; fileRef = 52385DBC24AE53D100317AC9 /* Control.swift */; };
		52385DBF24AE55E700317AC9 /* Control+ControlFeature.swift in Sources */ = {isa = PBXBuildFile; fileRef = 52385DBE24AE55E700317AC9 /* Control+ControlFeature.swift */; };
		5247870D24960FEA00826DA5 /* ComposableArchitecture in Frameworks */ = {isa = PBXBuildFile; productRef = 5247870C24960FEA00826DA5 /* ComposableArchitecture */; };
		524F3C9724AA798100B4C345 /* ConnectionHeader.swift in Sources */ = {isa = PBXBuildFile; fileRef = 52EBA9E424A7DEDC00BA5A45 /* ConnectionHeader.swift */; };
		525837D524AA2B2D0084932D /* Home.swift in Sources */ = {isa = PBXBuildFile; fileRef = 52A9306024A5F7D9003BDCDC /* Home.swift */; };
		525837D624AA2CF60084932D /* HomeView.swift in Sources */ = {isa = PBXBuildFile; fileRef = 52A9305C24A5CFD1003BDCDC /* HomeView.swift */; };
		525837D724AA2D020084932D /* SettingsView.swift in Sources */ = {isa = PBXBuildFile; fileRef = 52FEC35024A797D9000AF55F /* SettingsView.swift */; };
		5263685A24E6CB6700E13707 /* ColorControl.swift in Sources */ = {isa = PBXBuildFile; fileRef = 5263685924E6CB6700E13707 /* ColorControl.swift */; };
		5263685C24E6CDE200E13707 /* HueSlider.swift in Sources */ = {isa = PBXBuildFile; fileRef = 5263685B24E6CDE200E13707 /* HueSlider.swift */; };
		52739D1324E31B7C00A69B0C /* ButtonStyles.swift in Sources */ = {isa = PBXBuildFile; fileRef = 52739D1224E31B7C00A69B0C /* ButtonStyles.swift */; };
		5283E27824EAE82D00713525 /* Helpers.swift in Sources */ = {isa = PBXBuildFile; fileRef = 5283E27724EAE82D00713525 /* Helpers.swift */; };
		528E8E1424E2BE8200F4531B /* ComponentControl.swift in Sources */ = {isa = PBXBuildFile; fileRef = 528E8E1324E2BE8200F4531B /* ComponentControl.swift */; };
		52970CFF24E400F100B3B4E0 /* IntensityButton.swift in Sources */ = {isa = PBXBuildFile; fileRef = 52970CFE24E400F100B3B4E0 /* IntensityButton.swift */; };
		52A9306324A5F801003BDCDC /* Api.swift in Sources */ = {isa = PBXBuildFile; fileRef = 52A9306224A5F801003BDCDC /* Api.swift */; };
		52A9306924A60D8D003BDCDC /* HyperionApi.swift in Sources */ = {isa = PBXBuildFile; fileRef = 52A9306824A60D8D003BDCDC /* HyperionApi.swift */; };
		52B38EC924AE153D00A0DDC8 /* ApiClient.swift in Sources */ = {isa = PBXBuildFile; fileRef = 52B38EC824AE153D00A0DDC8 /* ApiClient.swift */; };
		52B38ECB24AE15BF00A0DDC8 /* ApiDelegate.swift in Sources */ = {isa = PBXBuildFile; fileRef = 52B38ECA24AE15BF00A0DDC8 /* ApiDelegate.swift */; };
		52BC893B24ACF6BF005607DB /* Home+HomeFeature.swift in Sources */ = {isa = PBXBuildFile; fileRef = 52BC893A24ACF6BF005607DB /* Home+HomeFeature.swift */; };
		52BC893C24ACF737005607DB /* InstanceSelection.swift in Sources */ = {isa = PBXBuildFile; fileRef = 52EBA9E624A7E30A00BA5A45 /* InstanceSelection.swift */; };
		52BC893E24ACF737005607DB /* InstanceControl.swift in Sources */ = {isa = PBXBuildFile; fileRef = 52EBA9EA24A7E4A800BA5A45 /* InstanceControl.swift */; };
		52BC893F24ACF737005607DB /* BrightnessControl.swift in Sources */ = {isa = PBXBuildFile; fileRef = 52EBA9E824A7E41600BA5A45 /* BrightnessControl.swift */; };
		52BC894124ACF74D005607DB /* Settings+SettingsFeature.swift in Sources */ = {isa = PBXBuildFile; fileRef = 52BC894024ACF74D005607DB /* Settings+SettingsFeature.swift */; };
		52BC894224ACF772005607DB /* InstanceButton.swift in Sources */ = {isa = PBXBuildFile; fileRef = 5247871024961DCA00826DA5 /* InstanceButton.swift */; };
		52BC894324ACF772005607DB /* BrightnessSlider.swift in Sources */ = {isa = PBXBuildFile; fileRef = 524787072495530500826DA5 /* BrightnessSlider.swift */; };
		52BC894424ACF772005607DB /* SectionHeader.swift in Sources */ = {isa = PBXBuildFile; fileRef = 5247871224961FBD00826DA5 /* SectionHeader.swift */; };
		52BC894524ACF772005607DB /* NavigationButton.swift in Sources */ = {isa = PBXBuildFile; fileRef = 52C591FB24A7B9DA007CDAE3 /* NavigationButton.swift */; };
		52C752CD24EAC7980011ABDB /* RGB.swift in Sources */ = {isa = PBXBuildFile; fileRef = 52C752CC24EAC7980011ABDB /* RGB.swift */; };
		52C752D124EAD0B50011ABDB /* Color.swift in Sources */ = {isa = PBXBuildFile; fileRef = 52C752D024EAD0B50011ABDB /* Color.swift */; };
		52E3E80A24E5B84D00E77E1C /* NotConnected.swift in Sources */ = {isa = PBXBuildFile; fileRef = 52E3E80924E5B84D00E77E1C /* NotConnected.swift */; };
		52E3E80C24E5B8DD00E77E1C /* PriorityPreview.swift in Sources */ = {isa = PBXBuildFile; fileRef = 52E3E80B24E5B8DD00E77E1C /* PriorityPreview.swift */; };
		52E3E80E24E5BBB000E77E1C /* Appearance.swift in Sources */ = {isa = PBXBuildFile; fileRef = 52E3E80D24E5BBB000E77E1C /* Appearance.swift */; };
		52EBA9EF24A7EE4E00BA5A45 /* Settings.swift in Sources */ = {isa = PBXBuildFile; fileRef = 52EBA9EE24A7EE4E00BA5A45 /* Settings.swift */; };
		52EBA9F324A7F2C900BA5A45 /* Main.swift in Sources */ = {isa = PBXBuildFile; fileRef = 52EBA9F224A7F2C900BA5A45 /* Main.swift */; };
		52EBA9F524A7F88000BA5A45 /* MainView.swift in Sources */ = {isa = PBXBuildFile; fileRef = 52EBA9F424A7F88000BA5A45 /* MainView.swift */; };
		52EBA9FA24A8CEDE00BA5A45 /* Shared.swift in Sources */ = {isa = PBXBuildFile; fileRef = 52EBA9F924A8CEDE00BA5A45 /* Shared.swift */; };
		52F16BAA2494E51600A69D01 /* AppDelegate.swift in Sources */ = {isa = PBXBuildFile; fileRef = 52F16BA92494E51600A69D01 /* AppDelegate.swift */; };
		52F16BAC2494E51600A69D01 /* SceneDelegate.swift in Sources */ = {isa = PBXBuildFile; fileRef = 52F16BAB2494E51600A69D01 /* SceneDelegate.swift */; };
		52F16BB02494E51700A69D01 /* Assets.xcassets in Resources */ = {isa = PBXBuildFile; fileRef = 52F16BAF2494E51700A69D01 /* Assets.xcassets */; };
		52F16BB62494E51700A69D01 /* LaunchScreen.storyboard in Resources */ = {isa = PBXBuildFile; fileRef = 52F16BB42494E51700A69D01 /* LaunchScreen.storyboard */; };
		52FEC34E24A74FFF000AF55F /* Compose.swift in Sources */ = {isa = PBXBuildFile; fileRef = 52FEC34D24A74FFF000AF55F /* Compose.swift */; };
/* End PBXBuildFile section */

/* Begin PBXCopyFilesBuildPhase section */
		52CE4E6825431CF7000ADCD6 /* Embed App Extensions */ = {
			isa = PBXCopyFilesBuildPhase;
			buildActionMask = 2147483647;
			dstPath = "";
			dstSubfolderSpec = 13;
			files = (
			);
			name = "Embed App Extensions";
			runOnlyForDeploymentPostprocessing = 0;
		};
/* End PBXCopyFilesBuildPhase section */

/* Begin PBXFileReference section */
		520E65D024E6A386007E9D3D /* Favourites.swift */ = {isa = PBXFileReference; lastKnownFileType = sourcecode.swift; path = Favourites.swift; sourceTree = "<group>"; };
		523071A724E56EB8001BB98B /* BlurView.swift */ = {isa = PBXFileReference; lastKnownFileType = sourcecode.swift; path = BlurView.swift; sourceTree = "<group>"; };
		523071A924E56FA7001BB98B /* AnimatedGradient.swift */ = {isa = PBXFileReference; lastKnownFileType = sourcecode.swift; path = AnimatedGradient.swift; sourceTree = "<group>"; };
		52385DBA24AE53CA00317AC9 /* ControlView.swift */ = {isa = PBXFileReference; lastKnownFileType = sourcecode.swift; path = ControlView.swift; sourceTree = "<group>"; };
		52385DBC24AE53D100317AC9 /* Control.swift */ = {isa = PBXFileReference; lastKnownFileType = sourcecode.swift; path = Control.swift; sourceTree = "<group>"; };
		52385DBE24AE55E700317AC9 /* Control+ControlFeature.swift */ = {isa = PBXFileReference; lastKnownFileType = sourcecode.swift; path = "Control+ControlFeature.swift"; sourceTree = "<group>"; };
		524787072495530500826DA5 /* BrightnessSlider.swift */ = {isa = PBXFileReference; lastKnownFileType = sourcecode.swift; path = BrightnessSlider.swift; sourceTree = "<group>"; };
		5247871024961DCA00826DA5 /* InstanceButton.swift */ = {isa = PBXFileReference; lastKnownFileType = sourcecode.swift; path = InstanceButton.swift; sourceTree = "<group>"; };
		5247871224961FBD00826DA5 /* SectionHeader.swift */ = {isa = PBXFileReference; lastKnownFileType = sourcecode.swift; path = SectionHeader.swift; sourceTree = "<group>"; };
		52480FF924E2B30900D7EAF0 /* BlackborderControl.swift */ = {isa = PBXFileReference; lastKnownFileType = sourcecode.swift; path = BlackborderControl.swift; sourceTree = "<group>"; };
		5261749F24A9071B00FE831D /* Hyperion.entitlements */ = {isa = PBXFileReference; lastKnownFileType = text.plist.entitlements; path = Hyperion.entitlements; sourceTree = "<group>"; };
		5263685924E6CB6700E13707 /* ColorControl.swift */ = {isa = PBXFileReference; lastKnownFileType = sourcecode.swift; path = ColorControl.swift; sourceTree = "<group>"; };
		5263685B24E6CDE200E13707 /* HueSlider.swift */ = {isa = PBXFileReference; lastKnownFileType = sourcecode.swift; path = HueSlider.swift; sourceTree = "<group>"; };
		52739D1224E31B7C00A69B0C /* ButtonStyles.swift */ = {isa = PBXFileReference; lastKnownFileType = sourcecode.swift; path = ButtonStyles.swift; sourceTree = "<group>"; };
		5283E27724EAE82D00713525 /* Helpers.swift */ = {isa = PBXFileReference; lastKnownFileType = sourcecode.swift; path = Helpers.swift; sourceTree = "<group>"; };
		528E8E1324E2BE8200F4531B /* ComponentControl.swift */ = {isa = PBXFileReference; lastKnownFileType = sourcecode.swift; path = ComponentControl.swift; sourceTree = "<group>"; };
		52970CFE24E400F100B3B4E0 /* IntensityButton.swift */ = {isa = PBXFileReference; lastKnownFileType = sourcecode.swift; path = IntensityButton.swift; sourceTree = "<group>"; };
		52A9305C24A5CFD1003BDCDC /* HomeView.swift */ = {isa = PBXFileReference; lastKnownFileType = sourcecode.swift; path = HomeView.swift; sourceTree = "<group>"; };
		52A9306024A5F7D9003BDCDC /* Home.swift */ = {isa = PBXFileReference; lastKnownFileType = sourcecode.swift; path = Home.swift; sourceTree = "<group>"; };
		52A9306224A5F801003BDCDC /* Api.swift */ = {isa = PBXFileReference; lastKnownFileType = sourcecode.swift; path = Api.swift; sourceTree = "<group>"; };
		52A9306824A60D8D003BDCDC /* HyperionApi.swift */ = {isa = PBXFileReference; lastKnownFileType = sourcecode.swift; path = HyperionApi.swift; sourceTree = "<group>"; };
		52B38EC824AE153D00A0DDC8 /* ApiClient.swift */ = {isa = PBXFileReference; lastKnownFileType = sourcecode.swift; path = ApiClient.swift; sourceTree = "<group>"; };
		52B38ECA24AE15BF00A0DDC8 /* ApiDelegate.swift */ = {isa = PBXFileReference; lastKnownFileType = sourcecode.swift; path = ApiDelegate.swift; sourceTree = "<group>"; };
		52BC893A24ACF6BF005607DB /* Home+HomeFeature.swift */ = {isa = PBXFileReference; lastKnownFileType = sourcecode.swift; path = "Home+HomeFeature.swift"; sourceTree = "<group>"; };
		52BC894024ACF74D005607DB /* Settings+SettingsFeature.swift */ = {isa = PBXFileReference; lastKnownFileType = sourcecode.swift; path = "Settings+SettingsFeature.swift"; sourceTree = "<group>"; };
		52C591FB24A7B9DA007CDAE3 /* NavigationButton.swift */ = {isa = PBXFileReference; lastKnownFileType = sourcecode.swift; path = NavigationButton.swift; sourceTree = "<group>"; };
		52C752CC24EAC7980011ABDB /* RGB.swift */ = {isa = PBXFileReference; lastKnownFileType = sourcecode.swift; path = RGB.swift; sourceTree = "<group>"; };
		52C752D024EAD0B50011ABDB /* Color.swift */ = {isa = PBXFileReference; lastKnownFileType = sourcecode.swift; path = Color.swift; sourceTree = "<group>"; };
		52CE4E5725431CF4000ADCD6 /* WidgetKit.framework */ = {isa = PBXFileReference; lastKnownFileType = wrapper.framework; name = WidgetKit.framework; path = System/Library/Frameworks/WidgetKit.framework; sourceTree = SDKROOT; };
		52CE4E5925431CF4000ADCD6 /* SwiftUI.framework */ = {isa = PBXFileReference; lastKnownFileType = wrapper.framework; name = SwiftUI.framework; path = System/Library/Frameworks/SwiftUI.framework; sourceTree = SDKROOT; };
		52E3E80924E5B84D00E77E1C /* NotConnected.swift */ = {isa = PBXFileReference; lastKnownFileType = sourcecode.swift; path = NotConnected.swift; sourceTree = "<group>"; };
		52E3E80B24E5B8DD00E77E1C /* PriorityPreview.swift */ = {isa = PBXFileReference; lastKnownFileType = sourcecode.swift; path = PriorityPreview.swift; sourceTree = "<group>"; };
		52E3E80D24E5BBB000E77E1C /* Appearance.swift */ = {isa = PBXFileReference; lastKnownFileType = sourcecode.swift; path = Appearance.swift; sourceTree = "<group>"; };
		52EBA9E424A7DEDC00BA5A45 /* ConnectionHeader.swift */ = {isa = PBXFileReference; lastKnownFileType = sourcecode.swift; path = ConnectionHeader.swift; sourceTree = "<group>"; };
		52EBA9E624A7E30A00BA5A45 /* InstanceSelection.swift */ = {isa = PBXFileReference; lastKnownFileType = sourcecode.swift; path = InstanceSelection.swift; sourceTree = "<group>"; };
		52EBA9E824A7E41600BA5A45 /* BrightnessControl.swift */ = {isa = PBXFileReference; lastKnownFileType = sourcecode.swift; path = BrightnessControl.swift; sourceTree = "<group>"; };
		52EBA9EA24A7E4A800BA5A45 /* InstanceControl.swift */ = {isa = PBXFileReference; lastKnownFileType = sourcecode.swift; path = InstanceControl.swift; sourceTree = "<group>"; };
		52EBA9EC24A7E57E00BA5A45 /* IntensityControl.swift */ = {isa = PBXFileReference; lastKnownFileType = sourcecode.swift; path = IntensityControl.swift; sourceTree = "<group>"; };
		52EBA9EE24A7EE4E00BA5A45 /* Settings.swift */ = {isa = PBXFileReference; lastKnownFileType = sourcecode.swift; path = Settings.swift; sourceTree = "<group>"; };
		52EBA9F224A7F2C900BA5A45 /* Main.swift */ = {isa = PBXFileReference; lastKnownFileType = sourcecode.swift; path = Main.swift; sourceTree = "<group>"; };
		52EBA9F424A7F88000BA5A45 /* MainView.swift */ = {isa = PBXFileReference; lastKnownFileType = sourcecode.swift; path = MainView.swift; sourceTree = "<group>"; };
		52EBA9F924A8CEDE00BA5A45 /* Shared.swift */ = {isa = PBXFileReference; lastKnownFileType = sourcecode.swift; path = Shared.swift; sourceTree = "<group>"; };
		52F16BA62494E51600A69D01 /* Hyperion.app */ = {isa = PBXFileReference; explicitFileType = wrapper.application; includeInIndex = 0; path = Hyperion.app; sourceTree = BUILT_PRODUCTS_DIR; };
		52F16BA92494E51600A69D01 /* AppDelegate.swift */ = {isa = PBXFileReference; lastKnownFileType = sourcecode.swift; path = AppDelegate.swift; sourceTree = "<group>"; };
		52F16BAB2494E51600A69D01 /* SceneDelegate.swift */ = {isa = PBXFileReference; lastKnownFileType = sourcecode.swift; path = SceneDelegate.swift; sourceTree = "<group>"; };
		52F16BAF2494E51700A69D01 /* Assets.xcassets */ = {isa = PBXFileReference; lastKnownFileType = folder.assetcatalog; path = Assets.xcassets; sourceTree = "<group>"; };
		52F16BB52494E51700A69D01 /* Base */ = {isa = PBXFileReference; lastKnownFileType = file.storyboard; name = Base; path = Base.lproj/LaunchScreen.storyboard; sourceTree = "<group>"; };
		52F16BB72494E51700A69D01 /* Info.plist */ = {isa = PBXFileReference; lastKnownFileType = text.plist.xml; path = Info.plist; sourceTree = "<group>"; };
		52FEC34D24A74FFF000AF55F /* Compose.swift */ = {isa = PBXFileReference; lastKnownFileType = sourcecode.swift; path = Compose.swift; sourceTree = "<group>"; };
		52FEC35024A797D9000AF55F /* SettingsView.swift */ = {isa = PBXFileReference; lastKnownFileType = sourcecode.swift; path = SettingsView.swift; sourceTree = "<group>"; };
/* End PBXFileReference section */

/* Begin PBXFrameworksBuildPhase section */
		52F16BA32494E51600A69D01 /* Frameworks */ = {
			isa = PBXFrameworksBuildPhase;
			buildActionMask = 2147483647;
			files = (
				5247870D24960FEA00826DA5 /* ComposableArchitecture in Frameworks */,
				523203F824A7A0D100386EB2 /* Starscream in Frameworks */,
			);
			runOnlyForDeploymentPostprocessing = 0;
		};
/* End PBXFrameworksBuildPhase section */

/* Begin PBXGroup section */
		52385DB824AE51FE00317AC9 /* Control */ = {
			isa = PBXGroup;
			children = (
				52385DBC24AE53D100317AC9 /* Control.swift */,
				52385DBA24AE53CA00317AC9 /* ControlView.swift */,
				52385DBE24AE55E700317AC9 /* Control+ControlFeature.swift */,
				520E65D024E6A386007E9D3D /* Favourites.swift */,
				5263685924E6CB6700E13707 /* ColorControl.swift */,
			);
			path = Control;
			sourceTree = "<group>";
		};
		52543D7724A1258600505054 /* Supporting Files */ = {
			isa = PBXGroup;
			children = (
				52F16BAF2494E51700A69D01 /* Assets.xcassets */,
				52F16BB42494E51700A69D01 /* LaunchScreen.storyboard */,
				52F16BB72494E51700A69D01 /* Info.plist */,
			);
			path = "Supporting Files";
			sourceTree = "<group>";
		};
		52543D7824A1259900505054 /* App */ = {
			isa = PBXGroup;
			children = (
				52F16BA92494E51600A69D01 /* AppDelegate.swift */,
				52F16BAB2494E51600A69D01 /* SceneDelegate.swift */,
				52E3E80D24E5BBB000E77E1C /* Appearance.swift */,
				5283E27724EAE82D00713525 /* Helpers.swift */,
			);
			path = App;
			sourceTree = "<group>";
		};
		52A9306A24A60DD5003BDCDC /* Views */ = {
			isa = PBXGroup;
			children = (
				523071A924E56FA7001BB98B /* AnimatedGradient.swift */,
				523071A724E56EB8001BB98B /* BlurView.swift */,
				524787072495530500826DA5 /* BrightnessSlider.swift */,
				52739D1224E31B7C00A69B0C /* ButtonStyles.swift */,
				5263685B24E6CDE200E13707 /* HueSlider.swift */,
				5247871024961DCA00826DA5 /* InstanceButton.swift */,
				52970CFE24E400F100B3B4E0 /* IntensityButton.swift */,
				52C591FB24A7B9DA007CDAE3 /* NavigationButton.swift */,
				5247871224961FBD00826DA5 /* SectionHeader.swift */,
			);
			path = Views;
			sourceTree = "<group>";
		};
		52A9306B24A60E06003BDCDC /* Home */ = {
			isa = PBXGroup;
			children = (
				52480FF924E2B30900D7EAF0 /* BlackborderControl.swift */,
				52EBA9E824A7E41600BA5A45 /* BrightnessControl.swift */,
				528E8E1324E2BE8200F4531B /* ComponentControl.swift */,
				52EBA9E424A7DEDC00BA5A45 /* ConnectionHeader.swift */,
				52A9306024A5F7D9003BDCDC /* Home.swift */,
				52BC893A24ACF6BF005607DB /* Home+HomeFeature.swift */,
				52A9305C24A5CFD1003BDCDC /* HomeView.swift */,
				52EBA9EA24A7E4A800BA5A45 /* InstanceControl.swift */,
				52EBA9E624A7E30A00BA5A45 /* InstanceSelection.swift */,
				52EBA9EC24A7E57E00BA5A45 /* IntensityControl.swift */,
				52E3E80924E5B84D00E77E1C /* NotConnected.swift */,
				52E3E80B24E5B8DD00E77E1C /* PriorityPreview.swift */,
			);
			path = Home;
			sourceTree = "<group>";
		};
		52A9306C24A60E10003BDCDC /* Api */ = {
			isa = PBXGroup;
			children = (
				52A9306224A5F801003BDCDC /* Api.swift */,
				52B38EC824AE153D00A0DDC8 /* ApiClient.swift */,
				52B38ECA24AE15BF00A0DDC8 /* ApiDelegate.swift */,
				52FEC34D24A74FFF000AF55F /* Compose.swift */,
				52A9306824A60D8D003BDCDC /* HyperionApi.swift */,
			);
			path = Api;
			sourceTree = "<group>";
		};
		52C752CB24EAC7850011ABDB /* Helpers */ = {
			isa = PBXGroup;
			children = (
				52C752CC24EAC7980011ABDB /* RGB.swift */,
				52C752D024EAD0B50011ABDB /* Color.swift */,
			);
			path = Helpers;
			sourceTree = "<group>";
		};
		52CE4E5625431CF4000ADCD6 /* Frameworks */ = {
			isa = PBXGroup;
			children = (
				52CE4E5725431CF4000ADCD6 /* WidgetKit.framework */,
				52CE4E5925431CF4000ADCD6 /* SwiftUI.framework */,
			);
			name = Frameworks;
			sourceTree = "<group>";
		};
		52EBA9F124A7F24F00BA5A45 /* Main */ = {
			isa = PBXGroup;
			children = (
				52EBA9F224A7F2C900BA5A45 /* Main.swift */,
				52EBA9F424A7F88000BA5A45 /* MainView.swift */,
				52EBA9F924A8CEDE00BA5A45 /* Shared.swift */,
			);
			path = Main;
			sourceTree = "<group>";
		};
		52F16B9D2494E51600A69D01 = {
			isa = PBXGroup;
			children = (
				52F16BA82494E51600A69D01 /* Hyperion */,
				52CE4E5625431CF4000ADCD6 /* Frameworks */,
				52F16BA72494E51600A69D01 /* Products */,
			);
			sourceTree = "<group>";
		};
		52F16BA72494E51600A69D01 /* Products */ = {
			isa = PBXGroup;
			children = (
				52F16BA62494E51600A69D01 /* Hyperion.app */,
			);
			name = Products;
			sourceTree = "<group>";
		};
		52F16BA82494E51600A69D01 /* Hyperion */ = {
			isa = PBXGroup;
			children = (
				52C752CB24EAC7850011ABDB /* Helpers */,
				52A9306C24A60E10003BDCDC /* Api */,
				52543D7824A1259900505054 /* App */,
				52385DB824AE51FE00317AC9 /* Control */,
				52A9306B24A60E06003BDCDC /* Home */,
				5261749F24A9071B00FE831D /* Hyperion.entitlements */,
				52EBA9F124A7F24F00BA5A45 /* Main */,
				52FEC34F24A797C7000AF55F /* Settings */,
				52543D7724A1258600505054 /* Supporting Files */,
				52A9306A24A60DD5003BDCDC /* Views */,
			);
			path = Hyperion;
			sourceTree = "<group>";
		};
		52FEC34F24A797C7000AF55F /* Settings */ = {
			isa = PBXGroup;
			children = (
				52EBA9EE24A7EE4E00BA5A45 /* Settings.swift */,
				52FEC35024A797D9000AF55F /* SettingsView.swift */,
				52BC894024ACF74D005607DB /* Settings+SettingsFeature.swift */,
			);
			path = Settings;
			sourceTree = "<group>";
		};
/* End PBXGroup section */

/* Begin PBXNativeTarget section */
		52F16BA52494E51600A69D01 /* Hyperion */ = {
			isa = PBXNativeTarget;
			buildConfigurationList = 52F16BBA2494E51700A69D01 /* Build configuration list for PBXNativeTarget "Hyperion" */;
			buildPhases = (
				52F16BA22494E51600A69D01 /* Sources */,
				52F16BA32494E51600A69D01 /* Frameworks */,
				52F16BA42494E51600A69D01 /* Resources */,
				52CE4E6825431CF7000ADCD6 /* Embed App Extensions */,
			);
			buildRules = (
			);
			dependencies = (
			);
			name = Hyperion;
			packageProductDependencies = (
				5247870C24960FEA00826DA5 /* ComposableArchitecture */,
				523203F724A7A0D100386EB2 /* Starscream */,
			);
			productName = Hyperion;
			productReference = 52F16BA62494E51600A69D01 /* Hyperion.app */;
			productType = "com.apple.product-type.application";
		};
/* End PBXNativeTarget section */

/* Begin PBXProject section */
		52F16B9E2494E51600A69D01 /* Project object */ = {
			isa = PBXProject;
			attributes = {
				LastSwiftUpdateCheck = 1210;
				LastUpgradeCheck = 1200;
				ORGANIZATIONNAME = "Hack, Thomas";
				TargetAttributes = {
					52F16BA52494E51600A69D01 = {
						CreatedOnToolsVersion = 11.5;
					};
				};
			};
			buildConfigurationList = 52F16BA12494E51600A69D01 /* Build configuration list for PBXProject "Hyperion" */;
			compatibilityVersion = "Xcode 9.3";
			developmentRegion = en;
			hasScannedForEncodings = 0;
			knownRegions = (
				en,
				Base,
			);
			mainGroup = 52F16B9D2494E51600A69D01;
			packageReferences = (
				5247870B24960FEA00826DA5 /* XCRemoteSwiftPackageReference "swift-composable-architecture" */,
				523203F624A7A0D100386EB2 /* XCRemoteSwiftPackageReference "Starscream" */,
			);
			productRefGroup = 52F16BA72494E51600A69D01 /* Products */;
			projectDirPath = "";
			projectRoot = "";
			targets = (
				52F16BA52494E51600A69D01 /* Hyperion */,
			);
		};
/* End PBXProject section */

/* Begin PBXResourcesBuildPhase section */
		52F16BA42494E51600A69D01 /* Resources */ = {
			isa = PBXResourcesBuildPhase;
			buildActionMask = 2147483647;
			files = (
				52F16BB62494E51700A69D01 /* LaunchScreen.storyboard in Resources */,
				52F16BB02494E51700A69D01 /* Assets.xcassets in Resources */,
			);
			runOnlyForDeploymentPostprocessing = 0;
		};
/* End PBXResourcesBuildPhase section */

/* Begin PBXSourcesBuildPhase section */
		52F16BA22494E51600A69D01 /* Sources */ = {
			isa = PBXSourcesBuildPhase;
			buildActionMask = 2147483647;
			files = (
				52E3E80C24E5B8DD00E77E1C /* PriorityPreview.swift in Sources */,
				52F16BAA2494E51600A69D01 /* AppDelegate.swift in Sources */,
				5263685A24E6CB6700E13707 /* ColorControl.swift in Sources */,
				52F16BAC2494E51600A69D01 /* SceneDelegate.swift in Sources */,
				52BC894124ACF74D005607DB /* Settings+SettingsFeature.swift in Sources */,
				52E3E80E24E5BBB000E77E1C /* Appearance.swift in Sources */,
				52BC894224ACF772005607DB /* InstanceButton.swift in Sources */,
				52BC894424ACF772005607DB /* SectionHeader.swift in Sources */,
				52385DBD24AE53D100317AC9 /* Control.swift in Sources */,
				52BC894524ACF772005607DB /* NavigationButton.swift in Sources */,
				52BC893F24ACF737005607DB /* BrightnessControl.swift in Sources */,
				52BC893B24ACF6BF005607DB /* Home+HomeFeature.swift in Sources */,
				52EBA9F324A7F2C900BA5A45 /* Main.swift in Sources */,
				52C752D124EAD0B50011ABDB /* Color.swift in Sources */,
				52A9306924A60D8D003BDCDC /* HyperionApi.swift in Sources */,
				52EBA9FA24A8CEDE00BA5A45 /* Shared.swift in Sources */,
				52C752CD24EAC7980011ABDB /* RGB.swift in Sources */,
				52970CFF24E400F100B3B4E0 /* IntensityButton.swift in Sources */,
				52B38EC924AE153D00A0DDC8 /* ApiClient.swift in Sources */,
				52E3E80A24E5B84D00E77E1C /* NotConnected.swift in Sources */,
				524F3C9724AA798100B4C345 /* ConnectionHeader.swift in Sources */,
				525837D624AA2CF60084932D /* HomeView.swift in Sources */,
				5263685C24E6CDE200E13707 /* HueSlider.swift in Sources */,
				5283E27824EAE82D00713525 /* Helpers.swift in Sources */,
				525837D524AA2B2D0084932D /* Home.swift in Sources */,
				52385DBF24AE55E700317AC9 /* Control+ControlFeature.swift in Sources */,
				52FEC34E24A74FFF000AF55F /* Compose.swift in Sources */,
				52EBA9F524A7F88000BA5A45 /* MainView.swift in Sources */,
				52739D1324E31B7C00A69B0C /* ButtonStyles.swift in Sources */,
				525837D724AA2D020084932D /* SettingsView.swift in Sources */,
				52BC893C24ACF737005607DB /* InstanceSelection.swift in Sources */,
				52B38ECB24AE15BF00A0DDC8 /* ApiDelegate.swift in Sources */,
				528E8E1424E2BE8200F4531B /* ComponentControl.swift in Sources */,
				52A9306324A5F801003BDCDC /* Api.swift in Sources */,
				52385DBB24AE53CA00317AC9 /* ControlView.swift in Sources */,
				523071AA24E56FA7001BB98B /* AnimatedGradient.swift in Sources */,
				52BC894324ACF772005607DB /* BrightnessSlider.swift in Sources */,
				520E65D124E6A386007E9D3D /* Favourites.swift in Sources */,
				52BC893E24ACF737005607DB /* InstanceControl.swift in Sources */,
				52EBA9EF24A7EE4E00BA5A45 /* Settings.swift in Sources */,
				523071A824E56EB8001BB98B /* BlurView.swift in Sources */,
			);
			runOnlyForDeploymentPostprocessing = 0;
		};
/* End PBXSourcesBuildPhase section */

/* Begin PBXVariantGroup section */
		52F16BB42494E51700A69D01 /* LaunchScreen.storyboard */ = {
			isa = PBXVariantGroup;
			children = (
				52F16BB52494E51700A69D01 /* Base */,
			);
			name = LaunchScreen.storyboard;
			sourceTree = "<group>";
		};
/* End PBXVariantGroup section */

/* Begin XCBuildConfiguration section */
		52F16BB82494E51700A69D01 /* Debug */ = {
			isa = XCBuildConfiguration;
			buildSettings = {
				ALWAYS_SEARCH_USER_PATHS = NO;
				CLANG_ANALYZER_NONNULL = YES;
				CLANG_ANALYZER_NUMBER_OBJECT_CONVERSION = YES_AGGRESSIVE;
				CLANG_CXX_LANGUAGE_STANDARD = "gnu++14";
				CLANG_CXX_LIBRARY = "libc++";
				CLANG_ENABLE_MODULES = YES;
				CLANG_ENABLE_OBJC_ARC = YES;
				CLANG_ENABLE_OBJC_WEAK = YES;
				CLANG_WARN_BLOCK_CAPTURE_AUTORELEASING = YES;
				CLANG_WARN_BOOL_CONVERSION = YES;
				CLANG_WARN_COMMA = YES;
				CLANG_WARN_CONSTANT_CONVERSION = YES;
				CLANG_WARN_DEPRECATED_OBJC_IMPLEMENTATIONS = YES;
				CLANG_WARN_DIRECT_OBJC_ISA_USAGE = YES_ERROR;
				CLANG_WARN_DOCUMENTATION_COMMENTS = YES;
				CLANG_WARN_EMPTY_BODY = YES;
				CLANG_WARN_ENUM_CONVERSION = YES;
				CLANG_WARN_INFINITE_RECURSION = YES;
				CLANG_WARN_INT_CONVERSION = YES;
				CLANG_WARN_NON_LITERAL_NULL_CONVERSION = YES;
				CLANG_WARN_OBJC_IMPLICIT_RETAIN_SELF = YES;
				CLANG_WARN_OBJC_LITERAL_CONVERSION = YES;
				CLANG_WARN_OBJC_ROOT_CLASS = YES_ERROR;
				CLANG_WARN_QUOTED_INCLUDE_IN_FRAMEWORK_HEADER = YES;
				CLANG_WARN_RANGE_LOOP_ANALYSIS = YES;
				CLANG_WARN_STRICT_PROTOTYPES = YES;
				CLANG_WARN_SUSPICIOUS_MOVE = YES;
				CLANG_WARN_UNGUARDED_AVAILABILITY = YES_AGGRESSIVE;
				CLANG_WARN_UNREACHABLE_CODE = YES;
				CLANG_WARN__DUPLICATE_METHOD_MATCH = YES;
				COPY_PHASE_STRIP = NO;
				DEBUG_INFORMATION_FORMAT = dwarf;
				ENABLE_STRICT_OBJC_MSGSEND = YES;
				ENABLE_TESTABILITY = YES;
				GCC_C_LANGUAGE_STANDARD = gnu11;
				GCC_DYNAMIC_NO_PIC = NO;
				GCC_NO_COMMON_BLOCKS = YES;
				GCC_OPTIMIZATION_LEVEL = 0;
				GCC_PREPROCESSOR_DEFINITIONS = (
					"DEBUG=1",
					"$(inherited)",
				);
				GCC_WARN_64_TO_32_BIT_CONVERSION = YES;
				GCC_WARN_ABOUT_RETURN_TYPE = YES_ERROR;
				GCC_WARN_UNDECLARED_SELECTOR = YES;
				GCC_WARN_UNINITIALIZED_AUTOS = YES_AGGRESSIVE;
				GCC_WARN_UNUSED_FUNCTION = YES;
				GCC_WARN_UNUSED_VARIABLE = YES;
				IPHONEOS_DEPLOYMENT_TARGET = 14.0;
				MTL_ENABLE_DEBUG_INFO = INCLUDE_SOURCE;
				MTL_FAST_MATH = YES;
				ONLY_ACTIVE_ARCH = YES;
				SDKROOT = iphoneos;
				SWIFT_ACTIVE_COMPILATION_CONDITIONS = DEBUG;
				SWIFT_OPTIMIZATION_LEVEL = "-Onone";
			};
			name = Debug;
		};
		52F16BB92494E51700A69D01 /* Release */ = {
			isa = XCBuildConfiguration;
			buildSettings = {
				ALWAYS_SEARCH_USER_PATHS = NO;
				CLANG_ANALYZER_NONNULL = YES;
				CLANG_ANALYZER_NUMBER_OBJECT_CONVERSION = YES_AGGRESSIVE;
				CLANG_CXX_LANGUAGE_STANDARD = "gnu++14";
				CLANG_CXX_LIBRARY = "libc++";
				CLANG_ENABLE_MODULES = YES;
				CLANG_ENABLE_OBJC_ARC = YES;
				CLANG_ENABLE_OBJC_WEAK = YES;
				CLANG_WARN_BLOCK_CAPTURE_AUTORELEASING = YES;
				CLANG_WARN_BOOL_CONVERSION = YES;
				CLANG_WARN_COMMA = YES;
				CLANG_WARN_CONSTANT_CONVERSION = YES;
				CLANG_WARN_DEPRECATED_OBJC_IMPLEMENTATIONS = YES;
				CLANG_WARN_DIRECT_OBJC_ISA_USAGE = YES_ERROR;
				CLANG_WARN_DOCUMENTATION_COMMENTS = YES;
				CLANG_WARN_EMPTY_BODY = YES;
				CLANG_WARN_ENUM_CONVERSION = YES;
				CLANG_WARN_INFINITE_RECURSION = YES;
				CLANG_WARN_INT_CONVERSION = YES;
				CLANG_WARN_NON_LITERAL_NULL_CONVERSION = YES;
				CLANG_WARN_OBJC_IMPLICIT_RETAIN_SELF = YES;
				CLANG_WARN_OBJC_LITERAL_CONVERSION = YES;
				CLANG_WARN_OBJC_ROOT_CLASS = YES_ERROR;
				CLANG_WARN_QUOTED_INCLUDE_IN_FRAMEWORK_HEADER = YES;
				CLANG_WARN_RANGE_LOOP_ANALYSIS = YES;
				CLANG_WARN_STRICT_PROTOTYPES = YES;
				CLANG_WARN_SUSPICIOUS_MOVE = YES;
				CLANG_WARN_UNGUARDED_AVAILABILITY = YES_AGGRESSIVE;
				CLANG_WARN_UNREACHABLE_CODE = YES;
				CLANG_WARN__DUPLICATE_METHOD_MATCH = YES;
				COPY_PHASE_STRIP = NO;
				DEBUG_INFORMATION_FORMAT = "dwarf-with-dsym";
				ENABLE_NS_ASSERTIONS = NO;
				ENABLE_STRICT_OBJC_MSGSEND = YES;
				GCC_C_LANGUAGE_STANDARD = gnu11;
				GCC_NO_COMMON_BLOCKS = YES;
				GCC_WARN_64_TO_32_BIT_CONVERSION = YES;
				GCC_WARN_ABOUT_RETURN_TYPE = YES_ERROR;
				GCC_WARN_UNDECLARED_SELECTOR = YES;
				GCC_WARN_UNINITIALIZED_AUTOS = YES_AGGRESSIVE;
				GCC_WARN_UNUSED_FUNCTION = YES;
				GCC_WARN_UNUSED_VARIABLE = YES;
				IPHONEOS_DEPLOYMENT_TARGET = 14.0;
				MTL_ENABLE_DEBUG_INFO = NO;
				MTL_FAST_MATH = YES;
				SDKROOT = iphoneos;
				SWIFT_COMPILATION_MODE = wholemodule;
				SWIFT_OPTIMIZATION_LEVEL = "-O";
				VALIDATE_PRODUCT = YES;
			};
			name = Release;
		};
		52F16BBB2494E51700A69D01 /* Debug */ = {
			isa = XCBuildConfiguration;
			buildSettings = {
				ASSETCATALOG_COMPILER_APPICON_NAME = AppIcon;
				CODE_SIGN_ENTITLEMENTS = Hyperion/Hyperion.entitlements;
				CODE_SIGN_STYLE = Automatic;
				DEVELOPMENT_ASSET_PATHS = "";
				DEVELOPMENT_TEAM = N9C9UAVR87;
				ENABLE_PREVIEWS = YES;
				INFOPLIST_FILE = "Hyperion/Supporting Files/Info.plist";
				LD_RUNPATH_SEARCH_PATHS = (
					"$(inherited)",
					"@executable_path/Frameworks",
				);
				PRODUCT_BUNDLE_IDENTIFIER = "de.thomashack.hyperion-ng";
				PRODUCT_NAME = "$(TARGET_NAME)";
				SUPPORTS_MACCATALYST = YES;
				SWIFT_VERSION = 5.0;
				TARGETED_DEVICE_FAMILY = "1,2";
			};
			name = Debug;
		};
		52F16BBC2494E51700A69D01 /* Release */ = {
			isa = XCBuildConfiguration;
			buildSettings = {
				ASSETCATALOG_COMPILER_APPICON_NAME = AppIcon;
				CODE_SIGN_ENTITLEMENTS = Hyperion/Hyperion.entitlements;
				CODE_SIGN_STYLE = Automatic;
				DEVELOPMENT_ASSET_PATHS = "";
				DEVELOPMENT_TEAM = N9C9UAVR87;
				ENABLE_PREVIEWS = YES;
				INFOPLIST_FILE = "Hyperion/Supporting Files/Info.plist";
				LD_RUNPATH_SEARCH_PATHS = (
					"$(inherited)",
					"@executable_path/Frameworks",
				);
				PRODUCT_BUNDLE_IDENTIFIER = "de.thomashack.hyperion-ng";
				PRODUCT_NAME = "$(TARGET_NAME)";
				SUPPORTS_MACCATALYST = YES;
				SWIFT_VERSION = 5.0;
				TARGETED_DEVICE_FAMILY = "1,2";
			};
			name = Release;
		};
/* End XCBuildConfiguration section */

/* Begin XCConfigurationList section */
		52F16BA12494E51600A69D01 /* Build configuration list for PBXProject "Hyperion" */ = {
			isa = XCConfigurationList;
			buildConfigurations = (
				52F16BB82494E51700A69D01 /* Debug */,
				52F16BB92494E51700A69D01 /* Release */,
			);
			defaultConfigurationIsVisible = 0;
			defaultConfigurationName = Release;
		};
		52F16BBA2494E51700A69D01 /* Build configuration list for PBXNativeTarget "Hyperion" */ = {
			isa = XCConfigurationList;
			buildConfigurations = (
				52F16BBB2494E51700A69D01 /* Debug */,
				52F16BBC2494E51700A69D01 /* Release */,
			);
			defaultConfigurationIsVisible = 0;
			defaultConfigurationName = Release;
		};
/* End XCConfigurationList section */

/* Begin XCRemoteSwiftPackageReference section */
		523203F624A7A0D100386EB2 /* XCRemoteSwiftPackageReference "Starscream" */ = {
			isa = XCRemoteSwiftPackageReference;
			repositoryURL = "https://github.com/ThomasHack/Starscream";
			requirement = {
				kind = upToNextMajorVersion;
				minimumVersion = 4.0.4;
			};
		};
		5247870B24960FEA00826DA5 /* XCRemoteSwiftPackageReference "swift-composable-architecture" */ = {
			isa = XCRemoteSwiftPackageReference;
			repositoryURL = "https://github.com/pointfreeco/swift-composable-architecture";
			requirement = {
				kind = upToNextMajorVersion;
				minimumVersion = 0.3.0;
			};
		};
/* End XCRemoteSwiftPackageReference section */

/* Begin XCSwiftPackageProductDependency section */
		523203F724A7A0D100386EB2 /* Starscream */ = {
			isa = XCSwiftPackageProductDependency;
			package = 523203F624A7A0D100386EB2 /* XCRemoteSwiftPackageReference "Starscream" */;
			productName = Starscream;
		};
		5247870C24960FEA00826DA5 /* ComposableArchitecture */ = {
			isa = XCSwiftPackageProductDependency;
			package = 5247870B24960FEA00826DA5 /* XCRemoteSwiftPackageReference "swift-composable-architecture" */;
			productName = ComposableArchitecture;
		};
/* End XCSwiftPackageProductDependency section */
	};
	rootObject = 52F16B9E2494E51600A69D01 /* Project object */;
}
